
Microsoft Visual Studio Solution File, Format Version 12.00
Project("{FAE04EC0-301F-11D3-BF4B-00C04F79EFBC}") = "TestPiper", "TestPiper\TestPiper.csproj", "{0F90F454-1F64-4072-BAB1-71BD689DCBEB}"
EndProject
Project("{FAE04EC0-301F-11D3-BF4B-00C04F79EFBC}") = "Piper", "Piper\Piper.csproj", "{8B639D92-5389-40F6-939D-25C69604ADF8}"
EndProject
Global
	GlobalSection(SolutionConfigurationPlatforms) = preSolution
		Debug|Any CPU = Debug|Any CPU
		Release|Any CPU = Release|Any CPU
	EndGlobalSection
	GlobalSection(ProjectConfigurationPlatforms) = postSolution
		{0F90F454-1F64-4072-BAB1-71BD689DCBEB}.Debug|Any CPU.ActiveCfg = Debug|Any CPU
		{0F90F454-1F64-4072-BAB1-71BD689DCBEB}.Debug|Any CPU.Build.0 = Debug|Any CPU
		{0F90F454-1F64-4072-BAB1-71BD689DCBEB}.Release|Any CPU.ActiveCfg = Release|Any CPU
		{0F90F454-1F64-4072-BAB1-71BD689DCBEB}.Release|Any CPU.Build.0 = Release|Any CPU
		{8B639D92-5389-40F6-939D-25C69604ADF8}.Debug|Any CPU.ActiveCfg = Debug|Any CPU
		{8B639D92-5389-40F6-939D-25C69604ADF8}.Debug|Any CPU.Build.0 = Debug|Any CPU
		{8B639D92-5389-40F6-939D-25C69604ADF8}.Release|Any CPU.ActiveCfg = Release|Any CPU
		{8B639D92-5389-40F6-939D-25C69604ADF8}.Release|Any CPU.Build.0 = Release|Any CPU
	EndGlobalSection
EndGlobal
